// !$*UTF8*$!
{
	archiveVersion = 1;
	classes = {
	};
	objectVersion = 50;
	objects = {

/* Begin PBXBuildFile section */
		269F9BA6245B444600FBB5F6 /* AppDelegate.swift in Sources */ = {isa = PBXBuildFile; fileRef = 269F9BA5245B444600FBB5F6 /* AppDelegate.swift */; };
		269F9BA8245B444600FBB5F6 /* SceneDelegate.swift in Sources */ = {isa = PBXBuildFile; fileRef = 269F9BA7245B444600FBB5F6 /* SceneDelegate.swift */; };
		269F9BAB245B444600FBB5F6 /* TopicO.xcdatamodeld in Sources */ = {isa = PBXBuildFile; fileRef = 269F9BA9245B444600FBB5F6 /* TopicO.xcdatamodeld */; };
		269F9BAD245B444600FBB5F6 /* ContentView.swift in Sources */ = {isa = PBXBuildFile; fileRef = 269F9BAC245B444600FBB5F6 /* ContentView.swift */; };
		269F9BAF245B444800FBB5F6 /* Assets.xcassets in Resources */ = {isa = PBXBuildFile; fileRef = 269F9BAE245B444800FBB5F6 /* Assets.xcassets */; };
		269F9BB2245B444800FBB5F6 /* Preview Assets.xcassets in Resources */ = {isa = PBXBuildFile; fileRef = 269F9BB1245B444800FBB5F6 /* Preview Assets.xcassets */; };
		269F9BB5245B444800FBB5F6 /* LaunchScreen.storyboard in Resources */ = {isa = PBXBuildFile; fileRef = 269F9BB3245B444800FBB5F6 /* LaunchScreen.storyboard */; };
		269F9BC0245B444800FBB5F6 /* TopicOTests.swift in Sources */ = {isa = PBXBuildFile; fileRef = 269F9BBF245B444800FBB5F6 /* TopicOTests.swift */; };
		269F9BCB245B444800FBB5F6 /* TopicOUITests.swift in Sources */ = {isa = PBXBuildFile; fileRef = 269F9BCA245B444800FBB5F6 /* TopicOUITests.swift */; };
		AA85D880246324CF00EFA508 /* SearchResultsView.swift in Sources */ = {isa = PBXBuildFile; fileRef = AA85D87F246324CF00EFA508 /* SearchResultsView.swift */; };
		AA85D8842463703B00EFA508 /* SearchController.swift in Sources */ = {isa = PBXBuildFile; fileRef = AA85D8832463703B00EFA508 /* SearchController.swift */; };
		AA85D8862463873D00EFA508 /* UINavigationController.swift in Sources */ = {isa = PBXBuildFile; fileRef = AA85D8852463873D00EFA508 /* UINavigationController.swift */; };
		AADE4C2F2461F99300F1265A /* Color.swift in Sources */ = {isa = PBXBuildFile; fileRef = AADE4C2E2461F99300F1265A /* Color.swift */; };
		AADE4C312461FEA000F1265A /* CustomShape.swift in Sources */ = {isa = PBXBuildFile; fileRef = AADE4C302461FEA000F1265A /* CustomShape.swift */; };
		AADE4C342462003900F1265A /* SearchBar.swift in Sources */ = {isa = PBXBuildFile; fileRef = AADE4C332462003900F1265A /* SearchBar.swift */; };
		AAE3F5A62461D2EB006A0994 /* MenuView.swift in Sources */ = {isa = PBXBuildFile; fileRef = AAE3F5A52461D2EB006A0994 /* MenuView.swift */; };
		AAE3F5A82461D344006A0994 /* RecommendedView.swift in Sources */ = {isa = PBXBuildFile; fileRef = AAE3F5A72461D344006A0994 /* RecommendedView.swift */; };
		AAE3F5AA2461D478006A0994 /* RecommendedViewModel.swift in Sources */ = {isa = PBXBuildFile; fileRef = AAE3F5A92461D478006A0994 /* RecommendedViewModel.swift */; };
		AAE3F5AC2461DD4C006A0994 /* TagListView.swift in Sources */ = {isa = PBXBuildFile; fileRef = AAE3F5AB2461DD4C006A0994 /* TagListView.swift */; };
		AB5C541E2461D121005FE7AE /* Tag.swift in Sources */ = {isa = PBXBuildFile; fileRef = AB5C541D2461D121005FE7AE /* Tag.swift */; };
/* End PBXBuildFile section */

/* Begin PBXContainerItemProxy section */
		269F9BBC245B444800FBB5F6 /* PBXContainerItemProxy */ = {
			isa = PBXContainerItemProxy;
			containerPortal = 269F9B9A245B444600FBB5F6 /* Project object */;
			proxyType = 1;
			remoteGlobalIDString = 269F9BA1245B444600FBB5F6;
			remoteInfo = TopicO;
		};
		269F9BC7245B444800FBB5F6 /* PBXContainerItemProxy */ = {
			isa = PBXContainerItemProxy;
			containerPortal = 269F9B9A245B444600FBB5F6 /* Project object */;
			proxyType = 1;
			remoteGlobalIDString = 269F9BA1245B444600FBB5F6;
			remoteInfo = TopicO;
		};
/* End PBXContainerItemProxy section */

/* Begin PBXFileReference section */
		269F9BA2245B444600FBB5F6 /* TopicO.app */ = {isa = PBXFileReference; explicitFileType = wrapper.application; includeInIndex = 0; path = TopicO.app; sourceTree = BUILT_PRODUCTS_DIR; };
		269F9BA5245B444600FBB5F6 /* AppDelegate.swift */ = {isa = PBXFileReference; lastKnownFileType = sourcecode.swift; path = AppDelegate.swift; sourceTree = "<group>"; };
		269F9BA7245B444600FBB5F6 /* SceneDelegate.swift */ = {isa = PBXFileReference; lastKnownFileType = sourcecode.swift; path = SceneDelegate.swift; sourceTree = "<group>"; };
		269F9BAA245B444600FBB5F6 /* TopicO.xcdatamodel */ = {isa = PBXFileReference; lastKnownFileType = wrapper.xcdatamodel; path = TopicO.xcdatamodel; sourceTree = "<group>"; };
		269F9BAC245B444600FBB5F6 /* ContentView.swift */ = {isa = PBXFileReference; lastKnownFileType = sourcecode.swift; path = ContentView.swift; sourceTree = "<group>"; };
		269F9BAE245B444800FBB5F6 /* Assets.xcassets */ = {isa = PBXFileReference; lastKnownFileType = folder.assetcatalog; path = Assets.xcassets; sourceTree = "<group>"; };
		269F9BB1245B444800FBB5F6 /* Preview Assets.xcassets */ = {isa = PBXFileReference; lastKnownFileType = folder.assetcatalog; path = "Preview Assets.xcassets"; sourceTree = "<group>"; };
		269F9BB4245B444800FBB5F6 /* Base */ = {isa = PBXFileReference; lastKnownFileType = file.storyboard; name = Base; path = Base.lproj/LaunchScreen.storyboard; sourceTree = "<group>"; };
		269F9BB6245B444800FBB5F6 /* Info.plist */ = {isa = PBXFileReference; lastKnownFileType = text.plist.xml; path = Info.plist; sourceTree = "<group>"; };
		269F9BBB245B444800FBB5F6 /* TopicOTests.xctest */ = {isa = PBXFileReference; explicitFileType = wrapper.cfbundle; includeInIndex = 0; path = TopicOTests.xctest; sourceTree = BUILT_PRODUCTS_DIR; };
		269F9BBF245B444800FBB5F6 /* TopicOTests.swift */ = {isa = PBXFileReference; lastKnownFileType = sourcecode.swift; path = TopicOTests.swift; sourceTree = "<group>"; };
		269F9BC1245B444800FBB5F6 /* Info.plist */ = {isa = PBXFileReference; lastKnownFileType = text.plist.xml; path = Info.plist; sourceTree = "<group>"; };
		269F9BC6245B444800FBB5F6 /* TopicOUITests.xctest */ = {isa = PBXFileReference; explicitFileType = wrapper.cfbundle; includeInIndex = 0; path = TopicOUITests.xctest; sourceTree = BUILT_PRODUCTS_DIR; };
		269F9BCA245B444800FBB5F6 /* TopicOUITests.swift */ = {isa = PBXFileReference; lastKnownFileType = sourcecode.swift; path = TopicOUITests.swift; sourceTree = "<group>"; };
		269F9BCC245B444800FBB5F6 /* Info.plist */ = {isa = PBXFileReference; lastKnownFileType = text.plist.xml; path = Info.plist; sourceTree = "<group>"; };
		AA85D87F246324CF00EFA508 /* SearchResultsView.swift */ = {isa = PBXFileReference; lastKnownFileType = sourcecode.swift; path = SearchResultsView.swift; sourceTree = "<group>"; };
		AA85D8832463703B00EFA508 /* SearchController.swift */ = {isa = PBXFileReference; lastKnownFileType = sourcecode.swift; path = SearchController.swift; sourceTree = "<group>"; };
		AA85D8852463873D00EFA508 /* UINavigationController.swift */ = {isa = PBXFileReference; lastKnownFileType = sourcecode.swift; path = UINavigationController.swift; sourceTree = "<group>"; };
		AADE4C2E2461F99300F1265A /* Color.swift */ = {isa = PBXFileReference; lastKnownFileType = sourcecode.swift; path = Color.swift; sourceTree = "<group>"; };
		AADE4C302461FEA000F1265A /* CustomShape.swift */ = {isa = PBXFileReference; lastKnownFileType = sourcecode.swift; path = CustomShape.swift; sourceTree = "<group>"; };
		AADE4C332462003900F1265A /* SearchBar.swift */ = {isa = PBXFileReference; lastKnownFileType = sourcecode.swift; path = SearchBar.swift; sourceTree = "<group>"; };
		AAE3F5A52461D2EB006A0994 /* MenuView.swift */ = {isa = PBXFileReference; lastKnownFileType = sourcecode.swift; path = MenuView.swift; sourceTree = "<group>"; };
		AAE3F5A72461D344006A0994 /* RecommendedView.swift */ = {isa = PBXFileReference; lastKnownFileType = sourcecode.swift; path = RecommendedView.swift; sourceTree = "<group>"; };
		AAE3F5A92461D478006A0994 /* RecommendedViewModel.swift */ = {isa = PBXFileReference; lastKnownFileType = sourcecode.swift; name = RecommendedViewModel.swift; path = TopicO/View/RecommendedViewModel.swift; sourceTree = SOURCE_ROOT; };
		AAE3F5AB2461DD4C006A0994 /* TagListView.swift */ = {isa = PBXFileReference; lastKnownFileType = sourcecode.swift; path = TagListView.swift; sourceTree = "<group>"; };
		AB5C541D2461D121005FE7AE /* Tag.swift */ = {isa = PBXFileReference; lastKnownFileType = sourcecode.swift; path = Tag.swift; sourceTree = "<group>"; };
/* End PBXFileReference section */

/* Begin PBXFrameworksBuildPhase section */
		269F9B9F245B444600FBB5F6 /* Frameworks */ = {
			isa = PBXFrameworksBuildPhase;
			buildActionMask = 2147483647;
			files = (
			);
			runOnlyForDeploymentPostprocessing = 0;
		};
		269F9BB8245B444800FBB5F6 /* Frameworks */ = {
			isa = PBXFrameworksBuildPhase;
			buildActionMask = 2147483647;
			files = (
			);
			runOnlyForDeploymentPostprocessing = 0;
		};
		269F9BC3245B444800FBB5F6 /* Frameworks */ = {
			isa = PBXFrameworksBuildPhase;
			buildActionMask = 2147483647;
			files = (
			);
			runOnlyForDeploymentPostprocessing = 0;
		};
/* End PBXFrameworksBuildPhase section */

/* Begin PBXGroup section */
		269F9B99245B444600FBB5F6 = {
			isa = PBXGroup;
			children = (
				269F9BA4245B444600FBB5F6 /* TopicO */,
				269F9BBE245B444800FBB5F6 /* TopicOTests */,
				269F9BC9245B444800FBB5F6 /* TopicOUITests */,
				269F9BA3245B444600FBB5F6 /* Products */,
			);
			sourceTree = "<group>";
		};
		269F9BA3245B444600FBB5F6 /* Products */ = {
			isa = PBXGroup;
			children = (
				269F9BA2245B444600FBB5F6 /* TopicO.app */,
				269F9BBB245B444800FBB5F6 /* TopicOTests.xctest */,
				269F9BC6245B444800FBB5F6 /* TopicOUITests.xctest */,
			);
			name = Products;
			sourceTree = "<group>";
		};
		269F9BA4245B444600FBB5F6 /* TopicO */ = {
			isa = PBXGroup;
			children = (
				AADE4C2D2461F97C00F1265A /* Extensions */,
				AB587E7F2460A4D600205DF3 /* Support */,
				AB587E7E2460A4D400205DF3 /* ViewModel */,
				AB587E7D2460A4D100205DF3 /* View */,
				AB587E7C2460A4CD00205DF3 /* Model */,
				269F9BAE245B444800FBB5F6 /* Assets.xcassets */,
				269F9BB3245B444800FBB5F6 /* LaunchScreen.storyboard */,
				269F9BA9245B444600FBB5F6 /* TopicO.xcdatamodeld */,
				269F9BB6245B444800FBB5F6 /* Info.plist */,
				269F9BB0245B444800FBB5F6 /* Preview Content */,
			);
			path = TopicO;
			sourceTree = "<group>";
		};
		269F9BB0245B444800FBB5F6 /* Preview Content */ = {
			isa = PBXGroup;
			children = (
				269F9BB1245B444800FBB5F6 /* Preview Assets.xcassets */,
			);
			path = "Preview Content";
			sourceTree = "<group>";
		};
		269F9BBE245B444800FBB5F6 /* TopicOTests */ = {
			isa = PBXGroup;
			children = (
				269F9BBF245B444800FBB5F6 /* TopicOTests.swift */,
				269F9BC1245B444800FBB5F6 /* Info.plist */,
			);
			path = TopicOTests;
			sourceTree = "<group>";
		};
		269F9BC9245B444800FBB5F6 /* TopicOUITests */ = {
			isa = PBXGroup;
			children = (
				269F9BCA245B444800FBB5F6 /* TopicOUITests.swift */,
				269F9BCC245B444800FBB5F6 /* Info.plist */,
			);
			path = TopicOUITests;
			sourceTree = "<group>";
		};
		AADE4C2D2461F97C00F1265A /* Extensions */ = {
			isa = PBXGroup;
			children = (
				AADE4C2E2461F99300F1265A /* Color.swift */,
				AA85D8852463873D00EFA508 /* UINavigationController.swift */,
			);
			path = Extensions;
			sourceTree = "<group>";
		};
		AADE4C322461FFDF00F1265A /* Menu */ = {
			isa = PBXGroup;
			children = (
				AAE3F5A52461D2EB006A0994 /* MenuView.swift */,
				AAE3F5A72461D344006A0994 /* RecommendedView.swift */,
				AAE3F5AB2461DD4C006A0994 /* TagListView.swift */,
				AADE4C302461FEA000F1265A /* CustomShape.swift */,
				AA85D87F246324CF00EFA508 /* SearchResultsView.swift */,
			);
			path = Menu;
			sourceTree = "<group>";
		};
		AB587E7C2460A4CD00205DF3 /* Model */ = {
			isa = PBXGroup;
			children = (
				AB5C541D2461D121005FE7AE /* Tag.swift */,
			);
			path = Model;
			sourceTree = "<group>";
		};
		AB587E7D2460A4D100205DF3 /* View */ = {
			isa = PBXGroup;
			children = (
				269F9BAC245B444600FBB5F6 /* ContentView.swift */,
				AADE4C322461FFDF00F1265A /* Menu */,
				AADE4C332462003900F1265A /* SearchBar.swift */,
				AA85D8832463703B00EFA508 /* SearchController.swift */,
			);
			path = View;
			sourceTree = "<group>";
		};
		AB587E7E2460A4D400205DF3 /* ViewModel */ = {
			isa = PBXGroup;
			children = (
				AAE3F5A92461D478006A0994 /* RecommendedViewModel.swift */,
			);
			path = ViewModel;
			sourceTree = "<group>";
		};
		AB587E7F2460A4D600205DF3 /* Support */ = {
			isa = PBXGroup;
			children = (
				269F9BA5245B444600FBB5F6 /* AppDelegate.swift */,
				269F9BA7245B444600FBB5F6 /* SceneDelegate.swift */,
			);
			path = Support;
			sourceTree = "<group>";
		};
/* End PBXGroup section */

/* Begin PBXNativeTarget section */
		269F9BA1245B444600FBB5F6 /* TopicO */ = {
			isa = PBXNativeTarget;
			buildConfigurationList = 269F9BCF245B444800FBB5F6 /* Build configuration list for PBXNativeTarget "TopicO" */;
			buildPhases = (
				269F9B9E245B444600FBB5F6 /* Sources */,
				269F9B9F245B444600FBB5F6 /* Frameworks */,
				269F9BA0245B444600FBB5F6 /* Resources */,
			);
			buildRules = (
			);
			dependencies = (
			);
			name = TopicO;
			productName = TopicO;
			productReference = 269F9BA2245B444600FBB5F6 /* TopicO.app */;
			productType = "com.apple.product-type.application";
		};
		269F9BBA245B444800FBB5F6 /* TopicOTests */ = {
			isa = PBXNativeTarget;
			buildConfigurationList = 269F9BD2245B444800FBB5F6 /* Build configuration list for PBXNativeTarget "TopicOTests" */;
			buildPhases = (
				269F9BB7245B444800FBB5F6 /* Sources */,
				269F9BB8245B444800FBB5F6 /* Frameworks */,
				269F9BB9245B444800FBB5F6 /* Resources */,
			);
			buildRules = (
			);
			dependencies = (
				269F9BBD245B444800FBB5F6 /* PBXTargetDependency */,
			);
			name = TopicOTests;
			productName = TopicOTests;
			productReference = 269F9BBB245B444800FBB5F6 /* TopicOTests.xctest */;
			productType = "com.apple.product-type.bundle.unit-test";
		};
		269F9BC5245B444800FBB5F6 /* TopicOUITests */ = {
			isa = PBXNativeTarget;
			buildConfigurationList = 269F9BD5245B444800FBB5F6 /* Build configuration list for PBXNativeTarget "TopicOUITests" */;
			buildPhases = (
				269F9BC2245B444800FBB5F6 /* Sources */,
				269F9BC3245B444800FBB5F6 /* Frameworks */,
				269F9BC4245B444800FBB5F6 /* Resources */,
			);
			buildRules = (
			);
			dependencies = (
				269F9BC8245B444800FBB5F6 /* PBXTargetDependency */,
			);
			name = TopicOUITests;
			productName = TopicOUITests;
			productReference = 269F9BC6245B444800FBB5F6 /* TopicOUITests.xctest */;
			productType = "com.apple.product-type.bundle.ui-testing";
		};
/* End PBXNativeTarget section */

/* Begin PBXProject section */
		269F9B9A245B444600FBB5F6 /* Project object */ = {
			isa = PBXProject;
			attributes = {
				LastSwiftUpdateCheck = 1130;
				LastUpgradeCheck = 1130;
				ORGANIZATIONNAME = "Annderson Packeiser Oreto";
				TargetAttributes = {
					269F9BA1245B444600FBB5F6 = {
						CreatedOnToolsVersion = 11.3.1;
					};
					269F9BBA245B444800FBB5F6 = {
						CreatedOnToolsVersion = 11.3.1;
						TestTargetID = 269F9BA1245B444600FBB5F6;
					};
					269F9BC5245B444800FBB5F6 = {
						CreatedOnToolsVersion = 11.3.1;
						TestTargetID = 269F9BA1245B444600FBB5F6;
					};
				};
			};
			buildConfigurationList = 269F9B9D245B444600FBB5F6 /* Build configuration list for PBXProject "TopicO" */;
			compatibilityVersion = "Xcode 9.3";
			developmentRegion = en;
			hasScannedForEncodings = 0;
			knownRegions = (
				en,
				Base,
			);
			mainGroup = 269F9B99245B444600FBB5F6;
			productRefGroup = 269F9BA3245B444600FBB5F6 /* Products */;
			projectDirPath = "";
			projectRoot = "";
			targets = (
				269F9BA1245B444600FBB5F6 /* TopicO */,
				269F9BBA245B444800FBB5F6 /* TopicOTests */,
				269F9BC5245B444800FBB5F6 /* TopicOUITests */,
			);
		};
/* End PBXProject section */

/* Begin PBXResourcesBuildPhase section */
		269F9BA0245B444600FBB5F6 /* Resources */ = {
			isa = PBXResourcesBuildPhase;
			buildActionMask = 2147483647;
			files = (
				269F9BB5245B444800FBB5F6 /* LaunchScreen.storyboard in Resources */,
				269F9BB2245B444800FBB5F6 /* Preview Assets.xcassets in Resources */,
				269F9BAF245B444800FBB5F6 /* Assets.xcassets in Resources */,
			);
			runOnlyForDeploymentPostprocessing = 0;
		};
		269F9BB9245B444800FBB5F6 /* Resources */ = {
			isa = PBXResourcesBuildPhase;
			buildActionMask = 2147483647;
			files = (
			);
			runOnlyForDeploymentPostprocessing = 0;
		};
		269F9BC4245B444800FBB5F6 /* Resources */ = {
			isa = PBXResourcesBuildPhase;
			buildActionMask = 2147483647;
			files = (
			);
			runOnlyForDeploymentPostprocessing = 0;
		};
/* End PBXResourcesBuildPhase section */

/* Begin PBXSourcesBuildPhase section */
		269F9B9E245B444600FBB5F6 /* Sources */ = {
			isa = PBXSourcesBuildPhase;
			buildActionMask = 2147483647;
			files = (
				269F9BAB245B444600FBB5F6 /* TopicO.xcdatamodeld in Sources */,
				AA85D8842463703B00EFA508 /* SearchController.swift in Sources */,
				AAE3F5A62461D2EB006A0994 /* MenuView.swift in Sources */,
				269F9BA6245B444600FBB5F6 /* AppDelegate.swift in Sources */,
				AADE4C2F2461F99300F1265A /* Color.swift in Sources */,
				AA85D880246324CF00EFA508 /* SearchResultsView.swift in Sources */,
				AB5C541E2461D121005FE7AE /* Tag.swift in Sources */,
				AADE4C342462003900F1265A /* SearchBar.swift in Sources */,
				AAE3F5AA2461D478006A0994 /* RecommendedViewModel.swift in Sources */,
				AA85D8862463873D00EFA508 /* UINavigationController.swift in Sources */,
				AAE3F5A82461D344006A0994 /* RecommendedView.swift in Sources */,
				269F9BAD245B444600FBB5F6 /* ContentView.swift in Sources */,
				AAE3F5AC2461DD4C006A0994 /* TagListView.swift in Sources */,
				269F9BA8245B444600FBB5F6 /* SceneDelegate.swift in Sources */,
				AADE4C312461FEA000F1265A /* CustomShape.swift in Sources */,
			);
			runOnlyForDeploymentPostprocessing = 0;
		};
		269F9BB7245B444800FBB5F6 /* Sources */ = {
			isa = PBXSourcesBuildPhase;
			buildActionMask = 2147483647;
			files = (
				269F9BC0245B444800FBB5F6 /* TopicOTests.swift in Sources */,
			);
			runOnlyForDeploymentPostprocessing = 0;
		};
		269F9BC2245B444800FBB5F6 /* Sources */ = {
			isa = PBXSourcesBuildPhase;
			buildActionMask = 2147483647;
			files = (
				269F9BCB245B444800FBB5F6 /* TopicOUITests.swift in Sources */,
			);
			runOnlyForDeploymentPostprocessing = 0;
		};
/* End PBXSourcesBuildPhase section */

/* Begin PBXTargetDependency section */
		269F9BBD245B444800FBB5F6 /* PBXTargetDependency */ = {
			isa = PBXTargetDependency;
			target = 269F9BA1245B444600FBB5F6 /* TopicO */;
			targetProxy = 269F9BBC245B444800FBB5F6 /* PBXContainerItemProxy */;
		};
		269F9BC8245B444800FBB5F6 /* PBXTargetDependency */ = {
			isa = PBXTargetDependency;
			target = 269F9BA1245B444600FBB5F6 /* TopicO */;
			targetProxy = 269F9BC7245B444800FBB5F6 /* PBXContainerItemProxy */;
		};
/* End PBXTargetDependency section */

/* Begin PBXVariantGroup section */
		269F9BB3245B444800FBB5F6 /* LaunchScreen.storyboard */ = {
			isa = PBXVariantGroup;
			children = (
				269F9BB4245B444800FBB5F6 /* Base */,
			);
			name = LaunchScreen.storyboard;
			sourceTree = "<group>";
		};
/* End PBXVariantGroup section */

/* Begin XCBuildConfiguration section */
		269F9BCD245B444800FBB5F6 /* Debug */ = {
			isa = XCBuildConfiguration;
			buildSettings = {
				ALWAYS_SEARCH_USER_PATHS = NO;
				CLANG_ANALYZER_NONNULL = YES;
				CLANG_ANALYZER_NUMBER_OBJECT_CONVERSION = YES_AGGRESSIVE;
				CLANG_CXX_LANGUAGE_STANDARD = "gnu++14";
				CLANG_CXX_LIBRARY = "libc++";
				CLANG_ENABLE_MODULES = YES;
				CLANG_ENABLE_OBJC_ARC = YES;
				CLANG_ENABLE_OBJC_WEAK = YES;
				CLANG_WARN_BLOCK_CAPTURE_AUTORELEASING = YES;
				CLANG_WARN_BOOL_CONVERSION = YES;
				CLANG_WARN_COMMA = YES;
				CLANG_WARN_CONSTANT_CONVERSION = YES;
				CLANG_WARN_DEPRECATED_OBJC_IMPLEMENTATIONS = YES;
				CLANG_WARN_DIRECT_OBJC_ISA_USAGE = YES_ERROR;
				CLANG_WARN_DOCUMENTATION_COMMENTS = YES;
				CLANG_WARN_EMPTY_BODY = YES;
				CLANG_WARN_ENUM_CONVERSION = YES;
				CLANG_WARN_INFINITE_RECURSION = YES;
				CLANG_WARN_INT_CONVERSION = YES;
				CLANG_WARN_NON_LITERAL_NULL_CONVERSION = YES;
				CLANG_WARN_OBJC_IMPLICIT_RETAIN_SELF = YES;
				CLANG_WARN_OBJC_LITERAL_CONVERSION = YES;
				CLANG_WARN_OBJC_ROOT_CLASS = YES_ERROR;
				CLANG_WARN_RANGE_LOOP_ANALYSIS = YES;
				CLANG_WARN_STRICT_PROTOTYPES = YES;
				CLANG_WARN_SUSPICIOUS_MOVE = YES;
				CLANG_WARN_UNGUARDED_AVAILABILITY = YES_AGGRESSIVE;
				CLANG_WARN_UNREACHABLE_CODE = YES;
				CLANG_WARN__DUPLICATE_METHOD_MATCH = YES;
				COPY_PHASE_STRIP = NO;
				DEBUG_INFORMATION_FORMAT = dwarf;
				ENABLE_STRICT_OBJC_MSGSEND = YES;
				ENABLE_TESTABILITY = YES;
				GCC_C_LANGUAGE_STANDARD = gnu11;
				GCC_DYNAMIC_NO_PIC = NO;
				GCC_NO_COMMON_BLOCKS = YES;
				GCC_OPTIMIZATION_LEVEL = 0;
				GCC_PREPROCESSOR_DEFINITIONS = (
					"DEBUG=1",
					"$(inherited)",
				);
				GCC_WARN_64_TO_32_BIT_CONVERSION = YES;
				GCC_WARN_ABOUT_RETURN_TYPE = YES_ERROR;
				GCC_WARN_UNDECLARED_SELECTOR = YES;
				GCC_WARN_UNINITIALIZED_AUTOS = YES_AGGRESSIVE;
				GCC_WARN_UNUSED_FUNCTION = YES;
				GCC_WARN_UNUSED_VARIABLE = YES;
				IPHONEOS_DEPLOYMENT_TARGET = 13.2;
				MTL_ENABLE_DEBUG_INFO = INCLUDE_SOURCE;
				MTL_FAST_MATH = YES;
				ONLY_ACTIVE_ARCH = YES;
				SDKROOT = iphoneos;
				SWIFT_ACTIVE_COMPILATION_CONDITIONS = DEBUG;
				SWIFT_OPTIMIZATION_LEVEL = "-Onone";
			};
			name = Debug;
		};
		269F9BCE245B444800FBB5F6 /* Release */ = {
			isa = XCBuildConfiguration;
			buildSettings = {
				ALWAYS_SEARCH_USER_PATHS = NO;
				CLANG_ANALYZER_NONNULL = YES;
				CLANG_ANALYZER_NUMBER_OBJECT_CONVERSION = YES_AGGRESSIVE;
				CLANG_CXX_LANGUAGE_STANDARD = "gnu++14";
				CLANG_CXX_LIBRARY = "libc++";
				CLANG_ENABLE_MODULES = YES;
				CLANG_ENABLE_OBJC_ARC = YES;
				CLANG_ENABLE_OBJC_WEAK = YES;
				CLANG_WARN_BLOCK_CAPTURE_AUTORELEASING = YES;
				CLANG_WARN_BOOL_CONVERSION = YES;
				CLANG_WARN_COMMA = YES;
				CLANG_WARN_CONSTANT_CONVERSION = YES;
				CLANG_WARN_DEPRECATED_OBJC_IMPLEMENTATIONS = YES;
				CLANG_WARN_DIRECT_OBJC_ISA_USAGE = YES_ERROR;
				CLANG_WARN_DOCUMENTATION_COMMENTS = YES;
				CLANG_WARN_EMPTY_BODY = YES;
				CLANG_WARN_ENUM_CONVERSION = YES;
				CLANG_WARN_INFINITE_RECURSION = YES;
				CLANG_WARN_INT_CONVERSION = YES;
				CLANG_WARN_NON_LITERAL_NULL_CONVERSION = YES;
				CLANG_WARN_OBJC_IMPLICIT_RETAIN_SELF = YES;
				CLANG_WARN_OBJC_LITERAL_CONVERSION = YES;
				CLANG_WARN_OBJC_ROOT_CLASS = YES_ERROR;
				CLANG_WARN_RANGE_LOOP_ANALYSIS = YES;
				CLANG_WARN_STRICT_PROTOTYPES = YES;
				CLANG_WARN_SUSPICIOUS_MOVE = YES;
				CLANG_WARN_UNGUARDED_AVAILABILITY = YES_AGGRESSIVE;
				CLANG_WARN_UNREACHABLE_CODE = YES;
				CLANG_WARN__DUPLICATE_METHOD_MATCH = YES;
				COPY_PHASE_STRIP = NO;
				DEBUG_INFORMATION_FORMAT = "dwarf-with-dsym";
				ENABLE_NS_ASSERTIONS = NO;
				ENABLE_STRICT_OBJC_MSGSEND = YES;
				GCC_C_LANGUAGE_STANDARD = gnu11;
				GCC_NO_COMMON_BLOCKS = YES;
				GCC_WARN_64_TO_32_BIT_CONVERSION = YES;
				GCC_WARN_ABOUT_RETURN_TYPE = YES_ERROR;
				GCC_WARN_UNDECLARED_SELECTOR = YES;
				GCC_WARN_UNINITIALIZED_AUTOS = YES_AGGRESSIVE;
				GCC_WARN_UNUSED_FUNCTION = YES;
				GCC_WARN_UNUSED_VARIABLE = YES;
				IPHONEOS_DEPLOYMENT_TARGET = 13.2;
				MTL_ENABLE_DEBUG_INFO = NO;
				MTL_FAST_MATH = YES;
				SDKROOT = iphoneos;
				SWIFT_COMPILATION_MODE = wholemodule;
				SWIFT_OPTIMIZATION_LEVEL = "-O";
				VALIDATE_PRODUCT = YES;
			};
			name = Release;
		};
		269F9BD0245B444800FBB5F6 /* Debug */ = {
			isa = XCBuildConfiguration;
			buildSettings = {
				ASSETCATALOG_COMPILER_APPICON_NAME = AppIcon;
				CODE_SIGN_STYLE = Automatic;
				DEVELOPMENT_ASSET_PATHS = "\"TopicO/Preview Content\"";
				DEVELOPMENT_TEAM = L3PV92TM5K;
				ENABLE_PREVIEWS = YES;
				INFOPLIST_FILE = TopicO/Info.plist;
				LD_RUNPATH_SEARCH_PATHS = (
					"$(inherited)",
					"@executable_path/Frameworks",
				);
				PRODUCT_BUNDLE_IDENTIFIER = com.annderson.TopicO;
				PRODUCT_NAME = "$(TARGET_NAME)";
				SWIFT_VERSION = 5.0;
				TARGETED_DEVICE_FAMILY = "1,2";
			};
			name = Debug;
		};
		269F9BD1245B444800FBB5F6 /* Release */ = {
			isa = XCBuildConfiguration;
			buildSettings = {
				ASSETCATALOG_COMPILER_APPICON_NAME = AppIcon;
				CODE_SIGN_STYLE = Automatic;
				DEVELOPMENT_ASSET_PATHS = "\"TopicO/Preview Content\"";
				DEVELOPMENT_TEAM = L3PV92TM5K;
				ENABLE_PREVIEWS = YES;
				INFOPLIST_FILE = TopicO/Info.plist;
				LD_RUNPATH_SEARCH_PATHS = (
					"$(inherited)",
					"@executable_path/Frameworks",
				);
				PRODUCT_BUNDLE_IDENTIFIER = com.annderson.TopicO;
				PRODUCT_NAME = "$(TARGET_NAME)";
				SWIFT_VERSION = 5.0;
				TARGETED_DEVICE_FAMILY = "1,2";
			};
			name = Release;
		};
		269F9BD3245B444800FBB5F6 /* Debug */ = {
			isa = XCBuildConfiguration;
			buildSettings = {
				ALWAYS_EMBED_SWIFT_STANDARD_LIBRARIES = YES;
				BUNDLE_LOADER = "$(TEST_HOST)";
				CODE_SIGN_STYLE = Automatic;
				DEVELOPMENT_TEAM = L3PV92TM5K;
				INFOPLIST_FILE = TopicOTests/Info.plist;
				IPHONEOS_DEPLOYMENT_TARGET = 13.2;
				LD_RUNPATH_SEARCH_PATHS = (
					"$(inherited)",
					"@executable_path/Frameworks",
					"@loader_path/Frameworks",
				);
				PRODUCT_BUNDLE_IDENTIFIER = com.annderson.TopicOTests;
				PRODUCT_NAME = "$(TARGET_NAME)";
				SWIFT_VERSION = 5.0;
				TARGETED_DEVICE_FAMILY = "1,2";
				TEST_HOST = "$(BUILT_PRODUCTS_DIR)/TopicO.app/TopicO";
			};
			name = Debug;
		};
		269F9BD4245B444800FBB5F6 /* Release */ = {
			isa = XCBuildConfiguration;
			buildSettings = {
				ALWAYS_EMBED_SWIFT_STANDARD_LIBRARIES = YES;
				BUNDLE_LOADER = "$(TEST_HOST)";
				CODE_SIGN_STYLE = Automatic;
				DEVELOPMENT_TEAM = L3PV92TM5K;
				INFOPLIST_FILE = TopicOTests/Info.plist;
				IPHONEOS_DEPLOYMENT_TARGET = 13.2;
				LD_RUNPATH_SEARCH_PATHS = (
					"$(inherited)",
					"@executable_path/Frameworks",
					"@loader_path/Frameworks",
				);
				PRODUCT_BUNDLE_IDENTIFIER = com.annderson.TopicOTests;
				PRODUCT_NAME = "$(TARGET_NAME)";
				SWIFT_VERSION = 5.0;
				TARGETED_DEVICE_FAMILY = "1,2";
				TEST_HOST = "$(BUILT_PRODUCTS_DIR)/TopicO.app/TopicO";
			};
			name = Release;
		};
		269F9BD6245B444800FBB5F6 /* Debug */ = {
			isa = XCBuildConfiguration;
			buildSettings = {
				ALWAYS_EMBED_SWIFT_STANDARD_LIBRARIES = YES;
				CODE_SIGN_STYLE = Automatic;
				DEVELOPMENT_TEAM = L3PV92TM5K;
				INFOPLIST_FILE = TopicOUITests/Info.plist;
				LD_RUNPATH_SEARCH_PATHS = (
					"$(inherited)",
					"@executable_path/Frameworks",
					"@loader_path/Frameworks",
				);
				PRODUCT_BUNDLE_IDENTIFIER = com.annderson.TopicOUITests;
				PRODUCT_NAME = "$(TARGET_NAME)";
				SWIFT_VERSION = 5.0;
				TARGETED_DEVICE_FAMILY = "1,2";
				TEST_TARGET_NAME = TopicO;
			};
			name = Debug;
		};
		269F9BD7245B444800FBB5F6 /* Release */ = {
			isa = XCBuildConfiguration;
			buildSettings = {
				ALWAYS_EMBED_SWIFT_STANDARD_LIBRARIES = YES;
				CODE_SIGN_STYLE = Automatic;
				DEVELOPMENT_TEAM = L3PV92TM5K;
				INFOPLIST_FILE = TopicOUITests/Info.plist;
				LD_RUNPATH_SEARCH_PATHS = (
					"$(inherited)",
					"@executable_path/Frameworks",
					"@loader_path/Frameworks",
				);
				PRODUCT_BUNDLE_IDENTIFIER = com.annderson.TopicOUITests;
				PRODUCT_NAME = "$(TARGET_NAME)";
				SWIFT_VERSION = 5.0;
				TARGETED_DEVICE_FAMILY = "1,2";
				TEST_TARGET_NAME = TopicO;
			};
			name = Release;
		};
/* End XCBuildConfiguration section */

/* Begin XCConfigurationList section */
		269F9B9D245B444600FBB5F6 /* Build configuration list for PBXProject "TopicO" */ = {
			isa = XCConfigurationList;
			buildConfigurations = (
				269F9BCD245B444800FBB5F6 /* Debug */,
				269F9BCE245B444800FBB5F6 /* Release */,
			);
			defaultConfigurationIsVisible = 0;
			defaultConfigurationName = Release;
		};
		269F9BCF245B444800FBB5F6 /* Build configuration list for PBXNativeTarget "TopicO" */ = {
			isa = XCConfigurationList;
			buildConfigurations = (
				269F9BD0245B444800FBB5F6 /* Debug */,
				269F9BD1245B444800FBB5F6 /* Release */,
			);
			defaultConfigurationIsVisible = 0;
			defaultConfigurationName = Release;
		};
		269F9BD2245B444800FBB5F6 /* Build configuration list for PBXNativeTarget "TopicOTests" */ = {
			isa = XCConfigurationList;
			buildConfigurations = (
				269F9BD3245B444800FBB5F6 /* Debug */,
				269F9BD4245B444800FBB5F6 /* Release */,
			);
			defaultConfigurationIsVisible = 0;
			defaultConfigurationName = Release;
		};
		269F9BD5245B444800FBB5F6 /* Build configuration list for PBXNativeTarget "TopicOUITests" */ = {
			isa = XCConfigurationList;
			buildConfigurations = (
				269F9BD6245B444800FBB5F6 /* Debug */,
				269F9BD7245B444800FBB5F6 /* Release */,
			);
			defaultConfigurationIsVisible = 0;
			defaultConfigurationName = Release;
		};
/* End XCConfigurationList section */

/* Begin XCVersionGroup section */
		269F9BA9245B444600FBB5F6 /* TopicO.xcdatamodeld */ = {
			isa = XCVersionGroup;
			children = (
				269F9BAA245B444600FBB5F6 /* TopicO.xcdatamodel */,
			);
			currentVersion = 269F9BAA245B444600FBB5F6 /* TopicO.xcdatamodel */;
			path = TopicO.xcdatamodeld;
			sourceTree = "<group>";
			versionGroupType = wrapper.xcdatamodel;
		};
/* End XCVersionGroup section */
	};
	rootObject = 269F9B9A245B444600FBB5F6 /* Project object */;
}
